{
  "name": "gatsby-starter-blog",
  "version": "1.0.0",
  "lockfileVersion": 1,
  "requires": true,
  "dependencies": {
    "iconfonts": {
      "version": "0.11.1",
      "resolved": "https://registry.npmjs.org/iconfonts/-/iconfonts-0.11.1.tgz",
      "integrity": "sha1-JXXPe48upZO8WiRQLR+JDyRFAVo="
    }
  }
}
